
Microsoft Visual Studio Solution File, Format Version 12.00
# Visual Studio Version 16
VisualStudioVersion = 16.0.30907.101
MinimumVisualStudioVersion = 10.0.40219.1
Project("{FAE04EC0-301F-11D3-BF4B-00C04F79EFBC}") = "app_layout", "app_layout\app_layout.csproj", "{3BAAA069-F737-49DB-A9B0-7E3FD2CF4E9C}"
EndProject
Global
	GlobalSection(SolutionConfigurationPlatforms) = preSolution
		Debug|Any CPU = Debug|Any CPU
		Release|Any CPU = Release|Any CPU
	EndGlobalSection
	GlobalSection(ProjectConfigurationPlatforms) = postSolution
		{3BAAA069-F737-49DB-A9B0-7E3FD2CF4E9C}.Debug|Any CPU.ActiveCfg = Debug|Any CPU
		{3BAAA069-F737-49DB-A9B0-7E3FD2CF4E9C}.Debug|Any CPU.Build.0 = Debug|Any CPU
		{3BAAA069-F737-49DB-A9B0-7E3FD2CF4E9C}.Release|Any CPU.ActiveCfg = Release|Any CPU
		{3BAAA069-F737-49DB-A9B0-7E3FD2CF4E9C}.Release|Any CPU.Build.0 = Release|Any CPU
	EndGlobalSection
	GlobalSection(SolutionProperties) = preSolution
		HideSolutionNode = FALSE
	EndGlobalSection
	GlobalSection(ExtensibilityGlobals) = postSolution
		SolutionGuid = {1C51F6B8-29DC-4E45-81C3-BDC573DE306E}
	EndGlobalSection
EndGlobal
